// !$*UTF8*$!
{
	archiveVersion = 1;
	classes = {
	};
	objectVersion = 46;
	objects = {

/* Begin PBXBuildFile section */
		4D2A0B981C44885F00655298 /* Erratic.framework in Frameworks */ = {isa = PBXBuildFile; fileRef = 4D2A0B8D1C44885F00655298 /* Erratic.framework */; };
		4D2A0B9D1C44885F00655298 /* ErraticTests.swift in Sources */ = {isa = PBXBuildFile; fileRef = 4D2A0B9C1C44885F00655298 /* ErraticTests.swift */; };
		4D2A0BAA1C44887D00655298 /* UniqueRandomGenerator.swift in Sources */ = {isa = PBXBuildFile; fileRef = 4D2A0BA91C44887D00655298 /* UniqueRandomGenerator.swift */; };
		4D2A0BAC1C4488A400655298 /* RepeatingRandomGenerator.swift in Sources */ = {isa = PBXBuildFile; fileRef = 4D2A0BAB1C4488A400655298 /* RepeatingRandomGenerator.swift */; };
		4D71B5621C7768440077E26D /* ShufflePermutation.swift in Sources */ = {isa = PBXBuildFile; fileRef = 4D71B5611C7768440077E26D /* ShufflePermutation.swift */; };
		4D71B5641C77689F0077E26D /* MutableLazyShuffleCollection.swift in Sources */ = {isa = PBXBuildFile; fileRef = 4D71B5631C77689F0077E26D /* MutableLazyShuffleCollection.swift */; };
		4D71B5661C77CD3D0077E26D /* RangeReplaceableMutableLazyShuffleCollection.swift in Sources */ = {isa = PBXBuildFile; fileRef = 4D71B5651C77CD3D0077E26D /* RangeReplaceableMutableLazyShuffleCollection.swift */; };
		4D7213901C449A6C007B806B /* LazyShuffleCollection.swift in Sources */ = {isa = PBXBuildFile; fileRef = 4DC0C7C81C4497AF002A1704 /* LazyShuffleCollection.swift */; };
		4DCC12061C7905670087D4A8 /* Permute.framework in Frameworks */ = {isa = PBXBuildFile; fileRef = 4DCC12031C7905620087D4A8 /* Permute.framework */; };
/* End PBXBuildFile section */

/* Begin PBXContainerItemProxy section */
		4D2A0B991C44885F00655298 /* PBXContainerItemProxy */ = {
			isa = PBXContainerItemProxy;
			containerPortal = 4D2A0B841C44885F00655298 /* Project object */;
			proxyType = 1;
			remoteGlobalIDString = 4D2A0B8C1C44885F00655298;
			remoteInfo = Erratic;
		};
		4DCC12021C7905620087D4A8 /* PBXContainerItemProxy */ = {
			isa = PBXContainerItemProxy;
			containerPortal = 4DCC11FD1C7905620087D4A8 /* Permute.xcodeproj */;
			proxyType = 2;
			remoteGlobalIDString = 4D71B5711C77F78A0077E26D;
			remoteInfo = Permute;
		};
		4DCC12041C7905620087D4A8 /* PBXContainerItemProxy */ = {
			isa = PBXContainerItemProxy;
			containerPortal = 4DCC11FD1C7905620087D4A8 /* Permute.xcodeproj */;
			proxyType = 2;
			remoteGlobalIDString = 4D71B57B1C77F78A0077E26D;
			remoteInfo = PermuteTests;
		};
/* End PBXContainerItemProxy section */

/* Begin PBXFileReference section */
		4D2A0B8D1C44885F00655298 /* Erratic.framework */ = {isa = PBXFileReference; explicitFileType = wrapper.framework; includeInIndex = 0; path = Erratic.framework; sourceTree = BUILT_PRODUCTS_DIR; };
		4D2A0B921C44885F00655298 /* Info.plist */ = {isa = PBXFileReference; lastKnownFileType = text.plist.xml; path = Info.plist; sourceTree = "<group>"; };
		4D2A0B971C44885F00655298 /* ErraticTests.xctest */ = {isa = PBXFileReference; explicitFileType = wrapper.cfbundle; includeInIndex = 0; path = ErraticTests.xctest; sourceTree = BUILT_PRODUCTS_DIR; };
		4D2A0B9C1C44885F00655298 /* ErraticTests.swift */ = {isa = PBXFileReference; lastKnownFileType = sourcecode.swift; path = ErraticTests.swift; sourceTree = "<group>"; };
		4D2A0B9E1C44885F00655298 /* Info.plist */ = {isa = PBXFileReference; lastKnownFileType = text.plist.xml; path = Info.plist; sourceTree = "<group>"; };
		4D2A0BA91C44887D00655298 /* UniqueRandomGenerator.swift */ = {isa = PBXFileReference; fileEncoding = 4; lastKnownFileType = sourcecode.swift; name = UniqueRandomGenerator.swift; path = Sources/UniqueRandomGenerator.swift; sourceTree = "<group>"; };
		4D2A0BAB1C4488A400655298 /* RepeatingRandomGenerator.swift */ = {isa = PBXFileReference; fileEncoding = 4; lastKnownFileType = sourcecode.swift; name = RepeatingRandomGenerator.swift; path = Sources/RepeatingRandomGenerator.swift; sourceTree = "<group>"; };
		4D71B5611C7768440077E26D /* ShufflePermutation.swift */ = {isa = PBXFileReference; fileEncoding = 4; lastKnownFileType = sourcecode.swift; name = ShufflePermutation.swift; path = Sources/ShufflePermutation.swift; sourceTree = "<group>"; };
		4D71B5631C77689F0077E26D /* MutableLazyShuffleCollection.swift */ = {isa = PBXFileReference; fileEncoding = 4; lastKnownFileType = sourcecode.swift; name = MutableLazyShuffleCollection.swift; path = Sources/MutableLazyShuffleCollection.swift; sourceTree = "<group>"; };
		4D71B5651C77CD3D0077E26D /* RangeReplaceableMutableLazyShuffleCollection.swift */ = {isa = PBXFileReference; fileEncoding = 4; lastKnownFileType = sourcecode.swift; name = RangeReplaceableMutableLazyShuffleCollection.swift; path = Sources/RangeReplaceableMutableLazyShuffleCollection.swift; sourceTree = "<group>"; };
		4DC0C7C81C4497AF002A1704 /* LazyShuffleCollection.swift */ = {isa = PBXFileReference; fileEncoding = 4; lastKnownFileType = sourcecode.swift; name = LazyShuffleCollection.swift; path = Sources/LazyShuffleCollection.swift; sourceTree = "<group>"; };
		4DCC11FD1C7905620087D4A8 /* Permute.xcodeproj */ = {isa = PBXFileReference; lastKnownFileType = "wrapper.pb-project"; name = Permute.xcodeproj; path = "Packages/Permute-1.0.3/Permute/Permute.xcodeproj"; sourceTree = "<group>"; };
/* End PBXFileReference section */

/* Begin PBXFrameworksBuildPhase section */
		4D2A0B891C44885F00655298 /* Frameworks */ = {
			isa = PBXFrameworksBuildPhase;
			buildActionMask = 2147483647;
			files = (
				4DCC12061C7905670087D4A8 /* Permute.framework in Frameworks */,
			);
			runOnlyForDeploymentPostprocessing = 0;
		};
		4D2A0B941C44885F00655298 /* Frameworks */ = {
			isa = PBXFrameworksBuildPhase;
			buildActionMask = 2147483647;
			files = (
				4D2A0B981C44885F00655298 /* Erratic.framework in Frameworks */,
			);
			runOnlyForDeploymentPostprocessing = 0;
		};
/* End PBXFrameworksBuildPhase section */

/* Begin PBXGroup section */
		4D2A0B831C44885F00655298 = {
			isa = PBXGroup;
			children = (
				4DCC11FD1C7905620087D4A8 /* Permute.xcodeproj */,
				4D2A0BA91C44887D00655298 /* UniqueRandomGenerator.swift */,
				4D2A0BAB1C4488A400655298 /* RepeatingRandomGenerator.swift */,
				4DCC11FC1C7901540087D4A8 /* LazyShuffleCollection */,
				4D2A0B8F1C44885F00655298 /* Erratic */,
				4D2A0B9B1C44885F00655298 /* ErraticTests */,
				4D2A0B8E1C44885F00655298 /* Products */,
			);
			sourceTree = "<group>";
		};
		4D2A0B8E1C44885F00655298 /* Products */ = {
			isa = PBXGroup;
			children = (
				4D2A0B8D1C44885F00655298 /* Erratic.framework */,
				4D2A0B971C44885F00655298 /* ErraticTests.xctest */,
			);
			name = Products;
			sourceTree = "<group>";
		};
		4D2A0B8F1C44885F00655298 /* Erratic */ = {
			isa = PBXGroup;
			children = (
				4D2A0B921C44885F00655298 /* Info.plist */,
			);
			path = Erratic;
			sourceTree = "<group>";
		};
		4D2A0B9B1C44885F00655298 /* ErraticTests */ = {
			isa = PBXGroup;
			children = (
				4D2A0B9C1C44885F00655298 /* ErraticTests.swift */,
				4D2A0B9E1C44885F00655298 /* Info.plist */,
			);
			path = ErraticTests;
			sourceTree = "<group>";
		};
		4DCC11FC1C7901540087D4A8 /* LazyShuffleCollection */ = {
			isa = PBXGroup;
			children = (
				4D71B5611C7768440077E26D /* ShufflePermutation.swift */,
				4DC0C7C81C4497AF002A1704 /* LazyShuffleCollection.swift */,
				4D71B5631C77689F0077E26D /* MutableLazyShuffleCollection.swift */,
				4D71B5651C77CD3D0077E26D /* RangeReplaceableMutableLazyShuffleCollection.swift */,
			);
			name = LazyShuffleCollection;
			sourceTree = "<group>";
		};
		4DCC11FE1C7905620087D4A8 /* Products */ = {
			isa = PBXGroup;
			children = (
				4DCC12031C7905620087D4A8 /* Permute.framework */,
				4DCC12051C7905620087D4A8 /* PermuteTests.xctest */,
			);
			name = Products;
			sourceTree = "<group>";
		};
/* End PBXGroup section */

/* Begin PBXHeadersBuildPhase section */
		4D2A0B8A1C44885F00655298 /* Headers */ = {
			isa = PBXHeadersBuildPhase;
			buildActionMask = 2147483647;
			files = (
			);
			runOnlyForDeploymentPostprocessing = 0;
		};
/* End PBXHeadersBuildPhase section */

/* Begin PBXNativeTarget section */
		4D2A0B8C1C44885F00655298 /* Erratic */ = {
			isa = PBXNativeTarget;
			buildConfigurationList = 4D2A0BA11C44885F00655298 /* Build configuration list for PBXNativeTarget "Erratic" */;
			buildPhases = (
				4D2A0B881C44885F00655298 /* Sources */,
				4D2A0B891C44885F00655298 /* Frameworks */,
				4D2A0B8A1C44885F00655298 /* Headers */,
				4D2A0B8B1C44885F00655298 /* Resources */,
			);
			buildRules = (
			);
			dependencies = (
			);
			name = Erratic;
			productName = Erratic;
			productReference = 4D2A0B8D1C44885F00655298 /* Erratic.framework */;
			productType = "com.apple.product-type.framework";
		};
		4D2A0B961C44885F00655298 /* ErraticTests */ = {
			isa = PBXNativeTarget;
			buildConfigurationList = 4D2A0BA41C44885F00655298 /* Build configuration list for PBXNativeTarget "ErraticTests" */;
			buildPhases = (
				4D2A0B931C44885F00655298 /* Sources */,
				4D2A0B941C44885F00655298 /* Frameworks */,
				4D2A0B951C44885F00655298 /* Resources */,
			);
			buildRules = (
			);
			dependencies = (
				4D2A0B9A1C44885F00655298 /* PBXTargetDependency */,
			);
			name = ErraticTests;
			productName = ErraticTests;
			productReference = 4D2A0B971C44885F00655298 /* ErraticTests.xctest */;
			productType = "com.apple.product-type.bundle.unit-test";
		};
/* End PBXNativeTarget section */

/* Begin PBXProject section */
		4D2A0B841C44885F00655298 /* Project object */ = {
			isa = PBXProject;
			attributes = {
				LastSwiftUpdateCheck = 0720;
				LastUpgradeCheck = 0720;
				ORGANIZATIONNAME = "Jaden Geller";
				TargetAttributes = {
					4D2A0B8C1C44885F00655298 = {
						CreatedOnToolsVersion = 7.2;
					};
					4D2A0B961C44885F00655298 = {
						CreatedOnToolsVersion = 7.2;
					};
				};
			};
			buildConfigurationList = 4D2A0B871C44885F00655298 /* Build configuration list for PBXProject "Erratic" */;
			compatibilityVersion = "Xcode 3.2";
			developmentRegion = English;
			hasScannedForEncodings = 0;
			knownRegions = (
				en,
			);
			mainGroup = 4D2A0B831C44885F00655298;
			productRefGroup = 4D2A0B8E1C44885F00655298 /* Products */;
			projectDirPath = "";
			projectReferences = (
				{
					ProductGroup = 4DCC11FE1C7905620087D4A8 /* Products */;
					ProjectRef = 4DCC11FD1C7905620087D4A8 /* Permute.xcodeproj */;
				},
			);
			projectRoot = "";
			targets = (
				4D2A0B8C1C44885F00655298 /* Erratic */,
				4D2A0B961C44885F00655298 /* ErraticTests */,
			);
		};
/* End PBXProject section */

/* Begin PBXReferenceProxy section */
		4DCC12031C7905620087D4A8 /* Permute.framework */ = {
			isa = PBXReferenceProxy;
			fileType = wrapper.framework;
			path = Permute.framework;
			remoteRef = 4DCC12021C7905620087D4A8 /* PBXContainerItemProxy */;
			sourceTree = BUILT_PRODUCTS_DIR;
		};
		4DCC12051C7905620087D4A8 /* PermuteTests.xctest */ = {
			isa = PBXReferenceProxy;
			fileType = wrapper.cfbundle;
			path = PermuteTests.xctest;
			remoteRef = 4DCC12041C7905620087D4A8 /* PBXContainerItemProxy */;
			sourceTree = BUILT_PRODUCTS_DIR;
		};
/* End PBXReferenceProxy section */

/* Begin PBXResourcesBuildPhase section */
		4D2A0B8B1C44885F00655298 /* Resources */ = {
			isa = PBXResourcesBuildPhase;
			buildActionMask = 2147483647;
			files = (
			);
			runOnlyForDeploymentPostprocessing = 0;
		};
		4D2A0B951C44885F00655298 /* Resources */ = {
			isa = PBXResourcesBuildPhase;
			buildActionMask = 2147483647;
			files = (
			);
			runOnlyForDeploymentPostprocessing = 0;
		};
/* End PBXResourcesBuildPhase section */

/* Begin PBXSourcesBuildPhase section */
		4D2A0B881C44885F00655298 /* Sources */ = {
			isa = PBXSourcesBuildPhase;
			buildActionMask = 2147483647;
			files = (
				4D71B5661C77CD3D0077E26D /* RangeReplaceableMutableLazyShuffleCollection.swift in Sources */,
				4D2A0BAC1C4488A400655298 /* RepeatingRandomGenerator.swift in Sources */,
				4D7213901C449A6C007B806B /* LazyShuffleCollection.swift in Sources */,
				4D71B5621C7768440077E26D /* ShufflePermutation.swift in Sources */,
				4D71B5641C77689F0077E26D /* MutableLazyShuffleCollection.swift in Sources */,
				4D2A0BAA1C44887D00655298 /* UniqueRandomGenerator.swift in Sources */,
			);
			runOnlyForDeploymentPostprocessing = 0;
		};
		4D2A0B931C44885F00655298 /* Sources */ = {
			isa = PBXSourcesBuildPhase;
			buildActionMask = 2147483647;
			files = (
				4D2A0B9D1C44885F00655298 /* ErraticTests.swift in Sources */,
			);
			runOnlyForDeploymentPostprocessing = 0;
		};
/* End PBXSourcesBuildPhase section */

/* Begin PBXTargetDependency section */
		4D2A0B9A1C44885F00655298 /* PBXTargetDependency */ = {
			isa = PBXTargetDependency;
			target = 4D2A0B8C1C44885F00655298 /* Erratic */;
			targetProxy = 4D2A0B991C44885F00655298 /* PBXContainerItemProxy */;
		};
/* End PBXTargetDependency section */

/* Begin XCBuildConfiguration section */
		4D2A0B9F1C44885F00655298 /* Debug */ = {
			isa = XCBuildConfiguration;
			buildSettings = {
				ALWAYS_SEARCH_USER_PATHS = NO;
				CLANG_CXX_LANGUAGE_STANDARD = "gnu++0x";
				CLANG_CXX_LIBRARY = "libc++";
				CLANG_ENABLE_MODULES = YES;
				CLANG_ENABLE_OBJC_ARC = YES;
				CLANG_WARN_BOOL_CONVERSION = YES;
				CLANG_WARN_CONSTANT_CONVERSION = YES;
				CLANG_WARN_DIRECT_OBJC_ISA_USAGE = YES_ERROR;
				CLANG_WARN_EMPTY_BODY = YES;
				CLANG_WARN_ENUM_CONVERSION = YES;
				CLANG_WARN_INT_CONVERSION = YES;
				CLANG_WARN_OBJC_ROOT_CLASS = YES_ERROR;
				CLANG_WARN_UNREACHABLE_CODE = YES;
				CLANG_WARN__DUPLICATE_METHOD_MATCH = YES;
				CODE_SIGN_IDENTITY = "-";
				COPY_PHASE_STRIP = NO;
				CURRENT_PROJECT_VERSION = 1;
				DEBUG_INFORMATION_FORMAT = dwarf;
				ENABLE_STRICT_OBJC_MSGSEND = YES;
				ENABLE_TESTABILITY = YES;
				GCC_C_LANGUAGE_STANDARD = gnu99;
				GCC_DYNAMIC_NO_PIC = NO;
				GCC_NO_COMMON_BLOCKS = YES;
				GCC_OPTIMIZATION_LEVEL = 0;
				GCC_PREPROCESSOR_DEFINITIONS = (
					"DEBUG=1",
					"$(inherited)",
				);
				GCC_WARN_64_TO_32_BIT_CONVERSION = YES;
				GCC_WARN_ABOUT_RETURN_TYPE = YES_ERROR;
				GCC_WARN_UNDECLARED_SELECTOR = YES;
				GCC_WARN_UNINITIALIZED_AUTOS = YES_AGGRESSIVE;
				GCC_WARN_UNUSED_FUNCTION = YES;
				GCC_WARN_UNUSED_VARIABLE = YES;
				MACOSX_DEPLOYMENT_TARGET = 10.11;
				MTL_ENABLE_DEBUG_INFO = YES;
				ONLY_ACTIVE_ARCH = YES;
				SDKROOT = macosx;
				SWIFT_OPTIMIZATION_LEVEL = "-Onone";
				VERSIONING_SYSTEM = "apple-generic";
				VERSION_INFO_PREFIX = "";
			};
			name = Debug;
		};
		4D2A0BA01C44885F00655298 /* Release */ = {
			isa = XCBuildConfiguration;
			buildSettings = {
				ALWAYS_SEARCH_USER_PATHS = NO;
				CLANG_CXX_LANGUAGE_STANDARD = "gnu++0x";
				CLANG_CXX_LIBRARY = "libc++";
				CLANG_ENABLE_MODULES = YES;
				CLANG_ENABLE_OBJC_ARC = YES;
				CLANG_WARN_BOOL_CONVERSION = YES;
				CLANG_WARN_CONSTANT_CONVERSION = YES;
				CLANG_WARN_DIRECT_OBJC_ISA_USAGE = YES_ERROR;
				CLANG_WARN_EMPTY_BODY = YES;
				CLANG_WARN_ENUM_CONVERSION = YES;
				CLANG_WARN_INT_CONVERSION = YES;
				CLANG_WARN_OBJC_ROOT_CLASS = YES_ERROR;
				CLANG_WARN_UNREACHABLE_CODE = YES;
				CLANG_WARN__DUPLICATE_METHOD_MATCH = YES;
				CODE_SIGN_IDENTITY = "-";
				COPY_PHASE_STRIP = NO;
				CURRENT_PROJECT_VERSION = 1;
				DEBUG_INFORMATION_FORMAT = "dwarf-with-dsym";
				ENABLE_NS_ASSERTIONS = NO;
				ENABLE_STRICT_OBJC_MSGSEND = YES;
				GCC_C_LANGUAGE_STANDARD = gnu99;
				GCC_NO_COMMON_BLOCKS = YES;
				GCC_WARN_64_TO_32_BIT_CONVERSION = YES;
				GCC_WARN_ABOUT_RETURN_TYPE = YES_ERROR;
				GCC_WARN_UNDECLARED_SELECTOR = YES;
				GCC_WARN_UNINITIALIZED_AUTOS = YES_AGGRESSIVE;
				GCC_WARN_UNUSED_FUNCTION = YES;
				GCC_WARN_UNUSED_VARIABLE = YES;
				MACOSX_DEPLOYMENT_TARGET = 10.11;
				MTL_ENABLE_DEBUG_INFO = NO;
				SDKROOT = macosx;
				VERSIONING_SYSTEM = "apple-generic";
				VERSION_INFO_PREFIX = "";
			};
			name = Release;
		};
		4D2A0BA21C44885F00655298 /* Debug */ = {
			isa = XCBuildConfiguration;
			buildSettings = {
				CLANG_ENABLE_MODULES = YES;
				COMBINE_HIDPI_IMAGES = YES;
				DEFINES_MODULE = YES;
				DYLIB_COMPATIBILITY_VERSION = 1;
				DYLIB_CURRENT_VERSION = 1;
				DYLIB_INSTALL_NAME_BASE = "@rpath";
				FRAMEWORK_VERSION = A;
				INFOPLIST_FILE = Erratic/Info.plist;
				INSTALL_PATH = "$(LOCAL_LIBRARY_DIR)/Frameworks";
				LD_RUNPATH_SEARCH_PATHS = "$(inherited) @executable_path/../Frameworks @loader_path/Frameworks";
				PRODUCT_BUNDLE_IDENTIFIER = com.JadenGeller.Erratic;
				PRODUCT_NAME = "$(TARGET_NAME)";
				SKIP_INSTALL = YES;
				SWIFT_OPTIMIZATION_LEVEL = "-Onone";
			};
			name = Debug;
		};
		4D2A0BA31C44885F00655298 /* Release */ = {
			isa = XCBuildConfiguration;
			buildSettings = {
				CLANG_ENABLE_MODULES = YES;
				COMBINE_HIDPI_IMAGES = YES;
				DEFINES_MODULE = YES;
				DYLIB_COMPATIBILITY_VERSION = 1;
				DYLIB_CURRENT_VERSION = 1;
				DYLIB_INSTALL_NAME_BASE = "@rpath";
				FRAMEWORK_VERSION = A;
				INFOPLIST_FILE = Erratic/Info.plist;
				INSTALL_PATH = "$(LOCAL_LIBRARY_DIR)/Frameworks";
				LD_RUNPATH_SEARCH_PATHS = "$(inherited) @executable_path/../Frameworks @loader_path/Frameworks";
				PRODUCT_BUNDLE_IDENTIFIER = com.JadenGeller.Erratic;
				PRODUCT_NAME = "$(TARGET_NAME)";
				SKIP_INSTALL = YES;
			};
			name = Release;
		};
		4D2A0BA51C44885F00655298 /* Debug */ = {
			isa = XCBuildConfiguration;
			buildSettings = {
				COMBINE_HIDPI_IMAGES = YES;
				INFOPLIST_FILE = ErraticTests/Info.plist;
				LD_RUNPATH_SEARCH_PATHS = "$(inherited) @executable_path/../Frameworks @loader_path/../Frameworks";
				PRODUCT_BUNDLE_IDENTIFIER = com.JadenGeller.ErraticTests;
				PRODUCT_NAME = "$(TARGET_NAME)";
			};
			name = Debug;
		};
		4D2A0BA61C44885F00655298 /* Release */ = {
			isa = XCBuildConfiguration;
			buildSettings = {
				COMBINE_HIDPI_IMAGES = YES;
				INFOPLIST_FILE = ErraticTests/Info.plist;
				LD_RUNPATH_SEARCH_PATHS = "$(inherited) @executable_path/../Frameworks @loader_path/../Frameworks";
				PRODUCT_BUNDLE_IDENTIFIER = com.JadenGeller.ErraticTests;
				PRODUCT_NAME = "$(TARGET_NAME)";
			};
			name = Release;
		};
/* End XCBuildConfiguration section */

/* Begin XCConfigurationList section */
		4D2A0B871C44885F00655298 /* Build configuration list for PBXProject "Erratic" */ = {
			isa = XCConfigurationList;
			buildConfigurations = (
				4D2A0B9F1C44885F00655298 /* Debug */,
				4D2A0BA01C44885F00655298 /* Release */,
			);
			defaultConfigurationIsVisible = 0;
			defaultConfigurationName = Release;
		};
		4D2A0BA11C44885F00655298 /* Build configuration list for PBXNativeTarget "Erratic" */ = {
			isa = XCConfigurationList;
			buildConfigurations = (
				4D2A0BA21C44885F00655298 /* Debug */,
				4D2A0BA31C44885F00655298 /* Release */,
			);
			defaultConfigurationIsVisible = 0;
			defaultConfigurationName = Release;
		};
		4D2A0BA41C44885F00655298 /* Build configuration list for PBXNativeTarget "ErraticTests" */ = {
			isa = XCConfigurationList;
			buildConfigurations = (
				4D2A0BA51C44885F00655298 /* Debug */,
				4D2A0BA61C44885F00655298 /* Release */,
			);
			defaultConfigurationIsVisible = 0;
			defaultConfigurationName = Release;
		};
/* End XCConfigurationList section */
	};
	rootObject = 4D2A0B841C44885F00655298 /* Project object */;
}
